
Microsoft Visual Studio Solution File, Format Version 12.00
# Visual Studio 15
VisualStudioVersion = 15.0.28307.168
MinimumVisualStudioVersion = 10.0.40219.1
Project("{FAE04EC0-301F-11D3-BF4B-00C04F79EFBC}") = "DepthCounter", "DepthCounter\DepthCounter.csproj", "{FFF70B50-01E2-428C-8F20-AC0FB4D134A8}"
EndProject
Global
	GlobalSection(SolutionConfigurationPlatforms) = preSolution
		Debug|Any CPU = Debug|Any CPU
		Release|Any CPU = Release|Any CPU
	EndGlobalSection
	GlobalSection(ProjectConfigurationPlatforms) = postSolution
		{FFF70B50-01E2-428C-8F20-AC0FB4D134A8}.Debug|Any CPU.ActiveCfg = Debug|Any CPU
		{FFF70B50-01E2-428C-8F20-AC0FB4D134A8}.Debug|Any CPU.Build.0 = Debug|Any CPU
		{FFF70B50-01E2-428C-8F20-AC0FB4D134A8}.Release|Any CPU.ActiveCfg = Release|Any CPU
		{FFF70B50-01E2-428C-8F20-AC0FB4D134A8}.Release|Any CPU.Build.0 = Release|Any CPU
	EndGlobalSection
	GlobalSection(SolutionProperties) = preSolution
		HideSolutionNode = FALSE
	EndGlobalSection
	GlobalSection(ExtensibilityGlobals) = postSolution
		SolutionGuid = {26FBE94A-DF7D-481A-9652-FB2ED5E4FDAA}
	EndGlobalSection
EndGlobal
