
Microsoft Visual Studio Solution File, Format Version 12.00
# Visual Studio 15
VisualStudioVersion = 15.0.28307.168
MinimumVisualStudioVersion = 10.0.40219.1
Project("{FAE04EC0-301F-11D3-BF4B-00C04F79EFBC}") = "DistinctInputsChecker", "DistinctInputsChecker\DistinctInputsChecker.csproj", "{1B47AA0A-ADED-4A7B-8882-70B83C3E1812}"
EndProject
Global
	GlobalSection(SolutionConfigurationPlatforms) = preSolution
		Debug|Any CPU = Debug|Any CPU
		Release|Any CPU = Release|Any CPU
	EndGlobalSection
	GlobalSection(ProjectConfigurationPlatforms) = postSolution
		{1B47AA0A-ADED-4A7B-8882-70B83C3E1812}.Debug|Any CPU.ActiveCfg = Debug|Any CPU
		{1B47AA0A-ADED-4A7B-8882-70B83C3E1812}.Debug|Any CPU.Build.0 = Debug|Any CPU
		{1B47AA0A-ADED-4A7B-8882-70B83C3E1812}.Release|Any CPU.ActiveCfg = Release|Any CPU
		{1B47AA0A-ADED-4A7B-8882-70B83C3E1812}.Release|Any CPU.Build.0 = Release|Any CPU
	EndGlobalSection
	GlobalSection(SolutionProperties) = preSolution
		HideSolutionNode = FALSE
	EndGlobalSection
	GlobalSection(ExtensibilityGlobals) = postSolution
		SolutionGuid = {CFCC23B4-64F6-4CFD-9CCD-42B1F3EE4050}
	EndGlobalSection
EndGlobal
